
Microsoft Visual Studio Solution File, Format Version 12.00
# Visual Studio 14
VisualStudioVersion = 14.0.23107.0
MinimumVisualStudioVersion = 10.0.40219.1
Project("{FAE04EC0-301F-11D3-BF4B-00C04F79EFBC}") = "LazyLucian", "LazyLucian\LazyLucian.csproj", "{167432FF-9ACE-40A1-A45D-D5C203C284C6}"
EndProject
Global
	GlobalSection(SolutionConfigurationPlatforms) = preSolution
		Debug|Any CPU = Debug|Any CPU
		Release|Any CPU = Release|Any CPU
	EndGlobalSection
	GlobalSection(ProjectConfigurationPlatforms) = postSolution
		{167432FF-9ACE-40A1-A45D-D5C203C284C6}.Debug|Any CPU.ActiveCfg = Debug|Any CPU
		{167432FF-9ACE-40A1-A45D-D5C203C284C6}.Debug|Any CPU.Build.0 = Debug|Any CPU
		{167432FF-9ACE-40A1-A45D-D5C203C284C6}.Release|Any CPU.ActiveCfg = Release|Any CPU
		{167432FF-9ACE-40A1-A45D-D5C203C284C6}.Release|Any CPU.Build.0 = Release|Any CPU
	EndGlobalSection
	GlobalSection(SolutionProperties) = preSolution
		HideSolutionNode = FALSE
	EndGlobalSection
EndGlobal
