
Microsoft Visual Studio Solution File, Format Version 12.00
# Visual Studio 14
VisualStudioVersion = 14.0.23107.0
MinimumVisualStudioVersion = 10.0.40219.1
Project("{FAE04EC0-301F-11D3-BF4B-00C04F79EFBC}") = "Volibea", "Volibea\Volibea.csproj", "{00D3D0EA-A5AB-4492-9E96-FC9B01208E63}"
EndProject
Global
	GlobalSection(SolutionConfigurationPlatforms) = preSolution
		Debug|Any CPU = Debug|Any CPU
		Release|Any CPU = Release|Any CPU
	EndGlobalSection
	GlobalSection(ProjectConfigurationPlatforms) = postSolution
		{00D3D0EA-A5AB-4492-9E96-FC9B01208E63}.Debug|Any CPU.ActiveCfg = Debug|Any CPU
		{00D3D0EA-A5AB-4492-9E96-FC9B01208E63}.Debug|Any CPU.Build.0 = Debug|Any CPU
		{00D3D0EA-A5AB-4492-9E96-FC9B01208E63}.Release|Any CPU.ActiveCfg = Release|Any CPU
		{00D3D0EA-A5AB-4492-9E96-FC9B01208E63}.Release|Any CPU.Build.0 = Release|Any CPU
	EndGlobalSection
	GlobalSection(SolutionProperties) = preSolution
		HideSolutionNode = FALSE
	EndGlobalSection
EndGlobal
